
Microsoft Visual Studio Solution File, Format Version 12.00
# Visual Studio Version 17
VisualStudioVersion = 17.13.35818.85
MinimumVisualStudioVersion = 10.0.40219.1
Project("{FAE04EC0-301F-11D3-BF4B-00C04F79EFBC}") = "lawconncect", "lawconncect\lawconncect.csproj", "{2A5E4E96-E77F-4AAD-A770-81A0B07C65CC}"
EndProject
Global
	GlobalSection(SolutionConfigurationPlatforms) = preSolution
		Debug|Any CPU = Debug|Any CPU
		Release|Any CPU = Release|Any CPU
	EndGlobalSection
	GlobalSection(ProjectConfigurationPlatforms) = postSolution
		{2A5E4E96-E77F-4AAD-A770-81A0B07C65CC}.Debug|Any CPU.ActiveCfg = Debug|Any CPU
		{2A5E4E96-E77F-4AAD-A770-81A0B07C65CC}.Debug|Any CPU.Build.0 = Debug|Any CPU
		{2A5E4E96-E77F-4AAD-A770-81A0B07C65CC}.Release|Any CPU.ActiveCfg = Release|Any CPU
		{2A5E4E96-E77F-4AAD-A770-81A0B07C65CC}.Release|Any CPU.Build.0 = Release|Any CPU
	EndGlobalSection
	GlobalSection(SolutionProperties) = preSolution
		HideSolutionNode = FALSE
	EndGlobalSection
	GlobalSection(ExtensibilityGlobals) = postSolution
		SolutionGuid = {A1180ED6-E64A-46FB-9D30-9B29A8AB0076}
	EndGlobalSection
EndGlobal
